
Microsoft Visual Studio Solution File, Format Version 12.00
# Visual Studio Version 17
VisualStudioVersion = 17.0.31903.59
MinimumVisualStudioVersion = 10.0.40219.1
Project("{FAE04EC0-301F-11D3-BF4B-00C04F79EFBC}") = "WebApi", "WebApi\WebApi.csproj", "{14932726-E203-48E6-93A3-476CA61537BA}"
EndProject
Project("{2150E333-8FDC-42A3-9474-1A3956D46DE8}") = "Tests", "Tests", "{F9DE53DC-DDDB-4010-A86F-99571D78AB63}"
EndProject
Project("{FAE04EC0-301F-11D3-BF4B-00C04F79EFBC}") = "WebApi.UnitTests", "Tests\WebApi.UnitTests\WebApi.UnitTests.csproj", "{A35C7849-8E7B-43CF-9095-DE5AC91DAC6B}"
EndProject
Global
	GlobalSection(SolutionConfigurationPlatforms) = preSolution
		Debug|Any CPU = Debug|Any CPU
		Release|Any CPU = Release|Any CPU
	EndGlobalSection
	GlobalSection(SolutionProperties) = preSolution
		HideSolutionNode = FALSE
	EndGlobalSection
	GlobalSection(ProjectConfigurationPlatforms) = postSolution
		{14932726-E203-48E6-93A3-476CA61537BA}.Debug|Any CPU.ActiveCfg = Debug|Any CPU
		{14932726-E203-48E6-93A3-476CA61537BA}.Debug|Any CPU.Build.0 = Debug|Any CPU
		{14932726-E203-48E6-93A3-476CA61537BA}.Release|Any CPU.ActiveCfg = Release|Any CPU
		{14932726-E203-48E6-93A3-476CA61537BA}.Release|Any CPU.Build.0 = Release|Any CPU
		{A35C7849-8E7B-43CF-9095-DE5AC91DAC6B}.Debug|Any CPU.ActiveCfg = Debug|Any CPU
		{A35C7849-8E7B-43CF-9095-DE5AC91DAC6B}.Debug|Any CPU.Build.0 = Debug|Any CPU
		{A35C7849-8E7B-43CF-9095-DE5AC91DAC6B}.Release|Any CPU.ActiveCfg = Release|Any CPU
		{A35C7849-8E7B-43CF-9095-DE5AC91DAC6B}.Release|Any CPU.Build.0 = Release|Any CPU
	EndGlobalSection
	GlobalSection(NestedProjects) = preSolution
		{A35C7849-8E7B-43CF-9095-DE5AC91DAC6B} = {F9DE53DC-DDDB-4010-A86F-99571D78AB63}
	EndGlobalSection
EndGlobal
